// !$*UTF8*$!
{
	archiveVersion = 1;
	classes = {
	};
	objectVersion = 55;
	objects = {

/* Begin PBXBuildFile section */
		6AC821DC299541B1007F6548 /* AppDelegate.swift in Sources */ = {isa = PBXBuildFile; fileRef = 6AC821DB299541B1007F6548 /* AppDelegate.swift */; };
		6AC821DE299541B1007F6548 /* SceneDelegate.swift in Sources */ = {isa = PBXBuildFile; fileRef = 6AC821DD299541B1007F6548 /* SceneDelegate.swift */; };
		6AC821E5299541B3007F6548 /* Assets.xcassets in Resources */ = {isa = PBXBuildFile; fileRef = 6AC821E4299541B3007F6548 /* Assets.xcassets */; };
		6AC821E8299541B3007F6548 /* LaunchScreen.storyboard in Resources */ = {isa = PBXBuildFile; fileRef = 6AC821E6299541B3007F6548 /* LaunchScreen.storyboard */; };
		6AC821F129954885007F6548 /* Coordinator.swift in Sources */ = {isa = PBXBuildFile; fileRef = 6AC821F029954885007F6548 /* Coordinator.swift */; };
		6AC821F3299548B3007F6548 /* MainCoordinator.swift in Sources */ = {isa = PBXBuildFile; fileRef = 6AC821F2299548B3007F6548 /* MainCoordinator.swift */; };
		6AC821F629972CD8007F6548 /* LoginVC.swift in Sources */ = {isa = PBXBuildFile; fileRef = 6AC821F529972CD8007F6548 /* LoginVC.swift */; };
		6AC821F92997D6AA007F6548 /* LoginViewModel.swift in Sources */ = {isa = PBXBuildFile; fileRef = 6AC821F82997D6A9007F6548 /* LoginViewModel.swift */; };
		6AC821FB2997D701007F6548 /* ObserableObject.swift in Sources */ = {isa = PBXBuildFile; fileRef = 6AC821FA2997D701007F6548 /* ObserableObject.swift */; };
/* End PBXBuildFile section */

/* Begin PBXFileReference section */
		6AC821D8299541B1007F6548 /* IonexAssignment.app */ = {isa = PBXFileReference; explicitFileType = wrapper.application; includeInIndex = 0; path = IonexAssignment.app; sourceTree = BUILT_PRODUCTS_DIR; };
		6AC821DB299541B1007F6548 /* AppDelegate.swift */ = {isa = PBXFileReference; lastKnownFileType = sourcecode.swift; path = AppDelegate.swift; sourceTree = "<group>"; };
		6AC821DD299541B1007F6548 /* SceneDelegate.swift */ = {isa = PBXFileReference; lastKnownFileType = sourcecode.swift; path = SceneDelegate.swift; sourceTree = "<group>"; };
		6AC821E4299541B3007F6548 /* Assets.xcassets */ = {isa = PBXFileReference; lastKnownFileType = folder.assetcatalog; path = Assets.xcassets; sourceTree = "<group>"; };
		6AC821E7299541B3007F6548 /* Base */ = {isa = PBXFileReference; lastKnownFileType = file.storyboard; name = Base; path = Base.lproj/LaunchScreen.storyboard; sourceTree = "<group>"; };
		6AC821E9299541B3007F6548 /* Info.plist */ = {isa = PBXFileReference; lastKnownFileType = text.plist.xml; path = Info.plist; sourceTree = "<group>"; };
		6AC821F029954885007F6548 /* Coordinator.swift */ = {isa = PBXFileReference; lastKnownFileType = sourcecode.swift; path = Coordinator.swift; sourceTree = "<group>"; };
		6AC821F2299548B3007F6548 /* MainCoordinator.swift */ = {isa = PBXFileReference; lastKnownFileType = sourcecode.swift; path = MainCoordinator.swift; sourceTree = "<group>"; };
		6AC821F529972CD8007F6548 /* LoginVC.swift */ = {isa = PBXFileReference; lastKnownFileType = sourcecode.swift; path = LoginVC.swift; sourceTree = "<group>"; };
		6AC821F82997D6A9007F6548 /* LoginViewModel.swift */ = {isa = PBXFileReference; lastKnownFileType = sourcecode.swift; path = LoginViewModel.swift; sourceTree = "<group>"; };
		6AC821FA2997D701007F6548 /* ObserableObject.swift */ = {isa = PBXFileReference; lastKnownFileType = sourcecode.swift; path = ObserableObject.swift; sourceTree = "<group>"; };
/* End PBXFileReference section */

/* Begin PBXFrameworksBuildPhase section */
		6AC821D5299541B1007F6548 /* Frameworks */ = {
			isa = PBXFrameworksBuildPhase;
			buildActionMask = 2147483647;
			files = (
			);
			runOnlyForDeploymentPostprocessing = 0;
		};
/* End PBXFrameworksBuildPhase section */

/* Begin PBXGroup section */
		6AC821CF299541B1007F6548 = {
			isa = PBXGroup;
			children = (
				6AC821DA299541B1007F6548 /* IonexAssignment */,
				6AC821D9299541B1007F6548 /* Products */,
			);
			sourceTree = "<group>";
		};
		6AC821D9299541B1007F6548 /* Products */ = {
			isa = PBXGroup;
			children = (
				6AC821D8299541B1007F6548 /* IonexAssignment.app */,
			);
			name = Products;
			sourceTree = "<group>";
		};
		6AC821DA299541B1007F6548 /* IonexAssignment */ = {
			isa = PBXGroup;
			children = (
				6AC821DB299541B1007F6548 /* AppDelegate.swift */,
				6AC821DD299541B1007F6548 /* SceneDelegate.swift */,
				6AC821FA2997D701007F6548 /* ObserableObject.swift */,
				6AC821F72997D692007F6548 /* ViewModels */,
				6AC821EF2995486A007F6548 /* Coordinator */,
				6AC821F429972CA5007F6548 /* Controllers */,
				6AC821E4299541B3007F6548 /* Assets.xcassets */,
				6AC821E6299541B3007F6548 /* LaunchScreen.storyboard */,
				6AC821E9299541B3007F6548 /* Info.plist */,
			);
			path = IonexAssignment;
			sourceTree = "<group>";
		};
		6AC821EF2995486A007F6548 /* Coordinator */ = {
			isa = PBXGroup;
			children = (
				6AC821F029954885007F6548 /* Coordinator.swift */,
				6AC821F2299548B3007F6548 /* MainCoordinator.swift */,
			);
			path = Coordinator;
			sourceTree = "<group>";
		};
		6AC821F429972CA5007F6548 /* Controllers */ = {
			isa = PBXGroup;
			children = (
				6AC821F529972CD8007F6548 /* LoginVC.swift */,
			);
			path = Controllers;
			sourceTree = "<group>";
		};
		6AC821F72997D692007F6548 /* ViewModels */ = {
			isa = PBXGroup;
			children = (
				6AC821F82997D6A9007F6548 /* LoginViewModel.swift */,
			);
			path = ViewModels;
			sourceTree = "<group>";
		};
/* End PBXGroup section */

/* Begin PBXNativeTarget section */
		6AC821D7299541B1007F6548 /* IonexAssignment */ = {
			isa = PBXNativeTarget;
			buildConfigurationList = 6AC821EC299541B3007F6548 /* Build configuration list for PBXNativeTarget "IonexAssignment" */;
			buildPhases = (
				6AC821D4299541B1007F6548 /* Sources */,
				6AC821D5299541B1007F6548 /* Frameworks */,
				6AC821D6299541B1007F6548 /* Resources */,
			);
			buildRules = (
			);
			dependencies = (
			);
			name = IonexAssignment;
			productName = IonexAssignment;
			productReference = 6AC821D8299541B1007F6548 /* IonexAssignment.app */;
			productType = "com.apple.product-type.application";
		};
/* End PBXNativeTarget section */

/* Begin PBXProject section */
		6AC821D0299541B1007F6548 /* Project object */ = {
			isa = PBXProject;
			attributes = {
				BuildIndependentTargetsInParallel = 1;
				LastSwiftUpdateCheck = 1330;
				LastUpgradeCheck = 1330;
				TargetAttributes = {
					6AC821D7299541B1007F6548 = {
						CreatedOnToolsVersion = 13.3.1;
					};
				};
			};
			buildConfigurationList = 6AC821D3299541B1007F6548 /* Build configuration list for PBXProject "IonexAssignment" */;
			compatibilityVersion = "Xcode 13.0";
			developmentRegion = en;
			hasScannedForEncodings = 0;
			knownRegions = (
				en,
				Base,
			);
			mainGroup = 6AC821CF299541B1007F6548;
			productRefGroup = 6AC821D9299541B1007F6548 /* Products */;
			projectDirPath = "";
			projectRoot = "";
			targets = (
				6AC821D7299541B1007F6548 /* IonexAssignment */,
			);
		};
/* End PBXProject section */

/* Begin PBXResourcesBuildPhase section */
		6AC821D6299541B1007F6548 /* Resources */ = {
			isa = PBXResourcesBuildPhase;
			buildActionMask = 2147483647;
			files = (
				6AC821E8299541B3007F6548 /* LaunchScreen.storyboard in Resources */,
				6AC821E5299541B3007F6548 /* Assets.xcassets in Resources */,
			);
			runOnlyForDeploymentPostprocessing = 0;
		};
/* End PBXResourcesBuildPhase section */

/* Begin PBXSourcesBuildPhase section */
		6AC821D4299541B1007F6548 /* Sources */ = {
			isa = PBXSourcesBuildPhase;
			buildActionMask = 2147483647;
			files = (
				6AC821F129954885007F6548 /* Coordinator.swift in Sources */,
				6AC821F629972CD8007F6548 /* LoginVC.swift in Sources */,
				6AC821F92997D6AA007F6548 /* LoginViewModel.swift in Sources */,
				6AC821FB2997D701007F6548 /* ObserableObject.swift in Sources */,
				6AC821DC299541B1007F6548 /* AppDelegate.swift in Sources */,
				6AC821F3299548B3007F6548 /* MainCoordinator.swift in Sources */,
				6AC821DE299541B1007F6548 /* SceneDelegate.swift in Sources */,
			);
			runOnlyForDeploymentPostprocessing = 0;
		};
/* End PBXSourcesBuildPhase section */

/* Begin PBXVariantGroup section */
		6AC821E6299541B3007F6548 /* LaunchScreen.storyboard */ = {
			isa = PBXVariantGroup;
			children = (
				6AC821E7299541B3007F6548 /* Base */,
			);
			name = LaunchScreen.storyboard;
			sourceTree = "<group>";
		};
/* End PBXVariantGroup section */

/* Begin XCBuildConfiguration section */
		6AC821EA299541B3007F6548 /* Debug */ = {
			isa = XCBuildConfiguration;
			buildSettings = {
				ALWAYS_SEARCH_USER_PATHS = NO;
				CLANG_ANALYZER_NONNULL = YES;
				CLANG_ANALYZER_NUMBER_OBJECT_CONVERSION = YES_AGGRESSIVE;
				CLANG_CXX_LANGUAGE_STANDARD = "gnu++17";
				CLANG_ENABLE_MODULES = YES;
				CLANG_ENABLE_OBJC_ARC = YES;
				CLANG_ENABLE_OBJC_WEAK = YES;
				CLANG_WARN_BLOCK_CAPTURE_AUTORELEASING = YES;
				CLANG_WARN_BOOL_CONVERSION = YES;
				CLANG_WARN_COMMA = YES;
				CLANG_WARN_CONSTANT_CONVERSION = YES;
				CLANG_WARN_DEPRECATED_OBJC_IMPLEMENTATIONS = YES;
				CLANG_WARN_DIRECT_OBJC_ISA_USAGE = YES_ERROR;
				CLANG_WARN_DOCUMENTATION_COMMENTS = YES;
				CLANG_WARN_EMPTY_BODY = YES;
				CLANG_WARN_ENUM_CONVERSION = YES;
				CLANG_WARN_INFINITE_RECURSION = YES;
				CLANG_WARN_INT_CONVERSION = YES;
				CLANG_WARN_NON_LITERAL_NULL_CONVERSION = YES;
				CLANG_WARN_OBJC_IMPLICIT_RETAIN_SELF = YES;
				CLANG_WARN_OBJC_LITERAL_CONVERSION = YES;
				CLANG_WARN_OBJC_ROOT_CLASS = YES_ERROR;
				CLANG_WARN_QUOTED_INCLUDE_IN_FRAMEWORK_HEADER = YES;
				CLANG_WARN_RANGE_LOOP_ANALYSIS = YES;
				CLANG_WARN_STRICT_PROTOTYPES = YES;
				CLANG_WARN_SUSPICIOUS_MOVE = YES;
				CLANG_WARN_UNGUARDED_AVAILABILITY = YES_AGGRESSIVE;
				CLANG_WARN_UNREACHABLE_CODE = YES;
				CLANG_WARN__DUPLICATE_METHOD_MATCH = YES;
				COPY_PHASE_STRIP = NO;
				DEBUG_INFORMATION_FORMAT = dwarf;
				ENABLE_STRICT_OBJC_MSGSEND = YES;
				ENABLE_TESTABILITY = YES;
				GCC_C_LANGUAGE_STANDARD = gnu11;
				GCC_DYNAMIC_NO_PIC = NO;
				GCC_NO_COMMON_BLOCKS = YES;
				GCC_OPTIMIZATION_LEVEL = 0;
				GCC_PREPROCESSOR_DEFINITIONS = (
					"DEBUG=1",
					"$(inherited)",
				);
				GCC_WARN_64_TO_32_BIT_CONVERSION = YES;
				GCC_WARN_ABOUT_RETURN_TYPE = YES_ERROR;
				GCC_WARN_UNDECLARED_SELECTOR = YES;
				GCC_WARN_UNINITIALIZED_AUTOS = YES_AGGRESSIVE;
				GCC_WARN_UNUSED_FUNCTION = YES;
				GCC_WARN_UNUSED_VARIABLE = YES;
				IPHONEOS_DEPLOYMENT_TARGET = 14.0;
				MTL_ENABLE_DEBUG_INFO = INCLUDE_SOURCE;
				MTL_FAST_MATH = YES;
				ONLY_ACTIVE_ARCH = YES;
				SDKROOT = iphoneos;
				SWIFT_ACTIVE_COMPILATION_CONDITIONS = DEBUG;
				SWIFT_OPTIMIZATION_LEVEL = "-Onone";
			};
			name = Debug;
		};
		6AC821EB299541B3007F6548 /* Release */ = {
			isa = XCBuildConfiguration;
			buildSettings = {
				ALWAYS_SEARCH_USER_PATHS = NO;
				CLANG_ANALYZER_NONNULL = YES;
				CLANG_ANALYZER_NUMBER_OBJECT_CONVERSION = YES_AGGRESSIVE;
				CLANG_CXX_LANGUAGE_STANDARD = "gnu++17";
				CLANG_ENABLE_MODULES = YES;
				CLANG_ENABLE_OBJC_ARC = YES;
				CLANG_ENABLE_OBJC_WEAK = YES;
				CLANG_WARN_BLOCK_CAPTURE_AUTORELEASING = YES;
				CLANG_WARN_BOOL_CONVERSION = YES;
				CLANG_WARN_COMMA = YES;
				CLANG_WARN_CONSTANT_CONVERSION = YES;
				CLANG_WARN_DEPRECATED_OBJC_IMPLEMENTATIONS = YES;
				CLANG_WARN_DIRECT_OBJC_ISA_USAGE = YES_ERROR;
				CLANG_WARN_DOCUMENTATION_COMMENTS = YES;
				CLANG_WARN_EMPTY_BODY = YES;
				CLANG_WARN_ENUM_CONVERSION = YES;
				CLANG_WARN_INFINITE_RECURSION = YES;
				CLANG_WARN_INT_CONVERSION = YES;
				CLANG_WARN_NON_LITERAL_NULL_CONVERSION = YES;
				CLANG_WARN_OBJC_IMPLICIT_RETAIN_SELF = YES;
				CLANG_WARN_OBJC_LITERAL_CONVERSION = YES;
				CLANG_WARN_OBJC_ROOT_CLASS = YES_ERROR;
				CLANG_WARN_QUOTED_INCLUDE_IN_FRAMEWORK_HEADER = YES;
				CLANG_WARN_RANGE_LOOP_ANALYSIS = YES;
				CLANG_WARN_STRICT_PROTOTYPES = YES;
				CLANG_WARN_SUSPICIOUS_MOVE = YES;
				CLANG_WARN_UNGUARDED_AVAILABILITY = YES_AGGRESSIVE;
				CLANG_WARN_UNREACHABLE_CODE = YES;
				CLANG_WARN__DUPLICATE_METHOD_MATCH = YES;
				COPY_PHASE_STRIP = NO;
				DEBUG_INFORMATION_FORMAT = "dwarf-with-dsym";
				ENABLE_NS_ASSERTIONS = NO;
				ENABLE_STRICT_OBJC_MSGSEND = YES;
				GCC_C_LANGUAGE_STANDARD = gnu11;
				GCC_NO_COMMON_BLOCKS = YES;
				GCC_WARN_64_TO_32_BIT_CONVERSION = YES;
				GCC_WARN_ABOUT_RETURN_TYPE = YES_ERROR;
				GCC_WARN_UNDECLARED_SELECTOR = YES;
				GCC_WARN_UNINITIALIZED_AUTOS = YES_AGGRESSIVE;
				GCC_WARN_UNUSED_FUNCTION = YES;
				GCC_WARN_UNUSED_VARIABLE = YES;
				IPHONEOS_DEPLOYMENT_TARGET = 14.0;
				MTL_ENABLE_DEBUG_INFO = NO;
				MTL_FAST_MATH = YES;
				SDKROOT = iphoneos;
				SWIFT_COMPILATION_MODE = wholemodule;
				SWIFT_OPTIMIZATION_LEVEL = "-O";
				VALIDATE_PRODUCT = YES;
			};
			name = Release;
		};
		6AC821ED299541B3007F6548 /* Debug */ = {
			isa = XCBuildConfiguration;
			buildSettings = {
				ASSETCATALOG_COMPILER_APPICON_NAME = AppIcon;
				ASSETCATALOG_COMPILER_GLOBAL_ACCENT_COLOR_NAME = AccentColor;
				CODE_SIGN_STYLE = Automatic;
				CURRENT_PROJECT_VERSION = 1;
				GENERATE_INFOPLIST_FILE = YES;
				INFOPLIST_FILE = IonexAssignment/Info.plist;
				INFOPLIST_KEY_UIApplicationSupportsIndirectInputEvents = YES;
				INFOPLIST_KEY_UILaunchStoryboardName = LaunchScreen;
				INFOPLIST_KEY_UISupportedInterfaceOrientations_iPad = "UIInterfaceOrientationPortrait UIInterfaceOrientationPortraitUpsideDown UIInterfaceOrientationLandscapeLeft UIInterfaceOrientationLandscapeRight";
				INFOPLIST_KEY_UISupportedInterfaceOrientations_iPhone = "UIInterfaceOrientationPortrait UIInterfaceOrientationLandscapeLeft UIInterfaceOrientationLandscapeRight";
				LD_RUNPATH_SEARCH_PATHS = (
					"$(inherited)",
					"@executable_path/Frameworks",
				);
				MARKETING_VERSION = 1.0;
				PRODUCT_BUNDLE_IDENTIFIER = com.spock.IonexAssignment;
				PRODUCT_NAME = "$(TARGET_NAME)";
				SWIFT_EMIT_LOC_STRINGS = YES;
				SWIFT_VERSION = 5.0;
				TARGETED_DEVICE_FAMILY = "1,2";
			};
			name = Debug;
		};
		6AC821EE299541B3007F6548 /* Release */ = {
			isa = XCBuildConfiguration;
			buildSettings = {
				ASSETCATALOG_COMPILER_APPICON_NAME = AppIcon;
				ASSETCATALOG_COMPILER_GLOBAL_ACCENT_COLOR_NAME = AccentColor;
				CODE_SIGN_STYLE = Automatic;
				CURRENT_PROJECT_VERSION = 1;
				GENERATE_INFOPLIST_FILE = YES;
				INFOPLIST_FILE = IonexAssignment/Info.plist;
				INFOPLIST_KEY_UIApplicationSupportsIndirectInputEvents = YES;
				INFOPLIST_KEY_UILaunchStoryboardName = LaunchScreen;
				INFOPLIST_KEY_UISupportedInterfaceOrientations_iPad = "UIInterfaceOrientationPortrait UIInterfaceOrientationPortraitUpsideDown UIInterfaceOrientationLandscapeLeft UIInterfaceOrientationLandscapeRight";
				INFOPLIST_KEY_UISupportedInterfaceOrientations_iPhone = "UIInterfaceOrientationPortrait UIInterfaceOrientationLandscapeLeft UIInterfaceOrientationLandscapeRight";
				LD_RUNPATH_SEARCH_PATHS = (
					"$(inherited)",
					"@executable_path/Frameworks",
				);
				MARKETING_VERSION = 1.0;
				PRODUCT_BUNDLE_IDENTIFIER = com.spock.IonexAssignment;
				PRODUCT_NAME = "$(TARGET_NAME)";
				SWIFT_EMIT_LOC_STRINGS = YES;
				SWIFT_VERSION = 5.0;
				TARGETED_DEVICE_FAMILY = "1,2";
			};
			name = Release;
		};
/* End XCBuildConfiguration section */

/* Begin XCConfigurationList section */
		6AC821D3299541B1007F6548 /* Build configuration list for PBXProject "IonexAssignment" */ = {
			isa = XCConfigurationList;
			buildConfigurations = (
				6AC821EA299541B3007F6548 /* Debug */,
				6AC821EB299541B3007F6548 /* Release */,
			);
			defaultConfigurationIsVisible = 0;
			defaultConfigurationName = Release;
		};
		6AC821EC299541B3007F6548 /* Build configuration list for PBXNativeTarget "IonexAssignment" */ = {
			isa = XCConfigurationList;
			buildConfigurations = (
				6AC821ED299541B3007F6548 /* Debug */,
				6AC821EE299541B3007F6548 /* Release */,
			);
			defaultConfigurationIsVisible = 0;
			defaultConfigurationName = Release;
		};
/* End XCConfigurationList section */
	};
	rootObject = 6AC821D0299541B1007F6548 /* Project object */;
}
